
Microsoft Visual Studio Solution File, Format Version 12.00
# Visual Studio Version 17
VisualStudioVersion = 17.3.32922.545
MinimumVisualStudioVersion = 10.0.40219.1
Project("{FAE04EC0-301F-11D3-BF4B-00C04F79EFBC}") = "SteamVR_IL2CPP", "SteamVR_IL2CPP\SteamVR_IL2CPP.csproj", "{CD430B64-0EA8-4084-912C-379979B05B7C}"
EndProject
Project("{9A19103F-16F7-4668-BE54-9A1E7A4F7556}") = "HellsingerVR", "HellsingerVR\HellsingerVR.csproj", "{38C5694B-1E8C-49C9-BACB-2053F9434989}"
EndProject
Global
	GlobalSection(SolutionConfigurationPlatforms) = preSolution
		Debug|Any CPU = Debug|Any CPU
		Release|Any CPU = Release|Any CPU
	EndGlobalSection
	GlobalSection(ProjectConfigurationPlatforms) = postSolution
		{CD430B64-0EA8-4084-912C-379979B05B7C}.Debug|Any CPU.ActiveCfg = Debug|Any CPU
		{CD430B64-0EA8-4084-912C-379979B05B7C}.Debug|Any CPU.Build.0 = Debug|Any CPU
		{CD430B64-0EA8-4084-912C-379979B05B7C}.Release|Any CPU.ActiveCfg = Release|Any CPU
		{CD430B64-0EA8-4084-912C-379979B05B7C}.Release|Any CPU.Build.0 = Release|Any CPU
		{38C5694B-1E8C-49C9-BACB-2053F9434989}.Debug|Any CPU.ActiveCfg = Debug|Any CPU
		{38C5694B-1E8C-49C9-BACB-2053F9434989}.Debug|Any CPU.Build.0 = Debug|Any CPU
		{38C5694B-1E8C-49C9-BACB-2053F9434989}.Release|Any CPU.ActiveCfg = Release|Any CPU
		{38C5694B-1E8C-49C9-BACB-2053F9434989}.Release|Any CPU.Build.0 = Release|Any CPU
	EndGlobalSection
	GlobalSection(SolutionProperties) = preSolution
		HideSolutionNode = FALSE
	EndGlobalSection
	GlobalSection(ExtensibilityGlobals) = postSolution
		SolutionGuid = {BF5B1414-24FA-4837-8C2A-63DB2BD0A2B6}
	EndGlobalSection
EndGlobal
